
Microsoft Visual Studio Solution File, Format Version 12.00
# Visual Studio Version 17
VisualStudioVersion = 17.8.34525.116
MinimumVisualStudioVersion = 10.0.40219.1
Project("{FAE04EC0-301F-11D3-BF4B-00C04F79EFBC}") = "CreditCard_Payment_Strategy", "CreditCard_Payment_Strategy\CreditCard_Payment_Strategy.csproj", "{ED5F4E8F-4817-4199-9783-41072E0CCF8B}"
EndProject
Global
	GlobalSection(SolutionConfigurationPlatforms) = preSolution
		Debug|Any CPU = Debug|Any CPU
		Release|Any CPU = Release|Any CPU
	EndGlobalSection
	GlobalSection(ProjectConfigurationPlatforms) = postSolution
		{ED5F4E8F-4817-4199-9783-41072E0CCF8B}.Debug|Any CPU.ActiveCfg = Debug|Any CPU
		{ED5F4E8F-4817-4199-9783-41072E0CCF8B}.Debug|Any CPU.Build.0 = Debug|Any CPU
		{ED5F4E8F-4817-4199-9783-41072E0CCF8B}.Release|Any CPU.ActiveCfg = Release|Any CPU
		{ED5F4E8F-4817-4199-9783-41072E0CCF8B}.Release|Any CPU.Build.0 = Release|Any CPU
	EndGlobalSection
	GlobalSection(SolutionProperties) = preSolution
		HideSolutionNode = FALSE
	EndGlobalSection
	GlobalSection(ExtensibilityGlobals) = postSolution
		SolutionGuid = {4CCEA2D1-3A5C-4B66-889B-65FD7380CAD4}
	EndGlobalSection
EndGlobal
